
Microsoft Visual Studio Solution File, Format Version 12.00
Project("{FAE04EC0-301F-11D3-BF4B-00C04F79EFBC}") = "Gubby", "Gubby\Gubby.csproj", "{1455F41B-756F-4BB9-BA57-0D2279812E8B}"
EndProject
Global
	GlobalSection(SolutionConfigurationPlatforms) = preSolution
		Debug|Any CPU = Debug|Any CPU
		Release|Any CPU = Release|Any CPU
	EndGlobalSection
	GlobalSection(ProjectConfigurationPlatforms) = postSolution
		{1455F41B-756F-4BB9-BA57-0D2279812E8B}.Debug|Any CPU.ActiveCfg = Debug|Any CPU
		{1455F41B-756F-4BB9-BA57-0D2279812E8B}.Debug|Any CPU.Build.0 = Debug|Any CPU
		{1455F41B-756F-4BB9-BA57-0D2279812E8B}.Release|Any CPU.ActiveCfg = Release|Any CPU
		{1455F41B-756F-4BB9-BA57-0D2279812E8B}.Release|Any CPU.Build.0 = Release|Any CPU
	EndGlobalSection
EndGlobal
